
Microsoft Visual Studio Solution File, Format Version 12.00
# Visual Studio 15
VisualStudioVersion = 15.0.27703.2042
MinimumVisualStudioVersion = 10.0.40219.1
Project("{9A19103F-16F7-4668-BE54-9A1E7A4F7556}") = "demo", "demo.csproj", "{650C42B8-E422-4E1C-A5C4-1A3D0A1934E3}"
EndProject
Global
	GlobalSection(SolutionConfigurationPlatforms) = preSolution
		Debug|Any CPU = Debug|Any CPU
		Release|Any CPU = Release|Any CPU
	EndGlobalSection
	GlobalSection(ProjectConfigurationPlatforms) = postSolution
		{650C42B8-E422-4E1C-A5C4-1A3D0A1934E3}.Debug|Any CPU.ActiveCfg = Debug|Any CPU
		{650C42B8-E422-4E1C-A5C4-1A3D0A1934E3}.Debug|Any CPU.Build.0 = Debug|Any CPU
		{650C42B8-E422-4E1C-A5C4-1A3D0A1934E3}.Release|Any CPU.ActiveCfg = Release|Any CPU
		{650C42B8-E422-4E1C-A5C4-1A3D0A1934E3}.Release|Any CPU.Build.0 = Release|Any CPU
	EndGlobalSection
	GlobalSection(SolutionProperties) = preSolution
		HideSolutionNode = FALSE
	EndGlobalSection
	GlobalSection(ExtensibilityGlobals) = postSolution
		SolutionGuid = {DA27615A-1AC2-4523-818F-C6F5CB5BC4F6}
	EndGlobalSection
EndGlobal
